
Microsoft Visual Studio Solution File, Format Version 12.00
# Visual Studio Version 17
VisualStudioVersion = 17.10.34916.146
MinimumVisualStudioVersion = 10.0.40219.1
Project("{FAE04EC0-301F-11D3-BF4B-00C04F79EFBC}") = "IdentityApp", "IdentityApp\IdentityApp.csproj", "{51CC122E-18BB-4284-9D07-61742A0C4D3C}"
EndProject
Global
	GlobalSection(SolutionConfigurationPlatforms) = preSolution
		Debug|Any CPU = Debug|Any CPU
		Release|Any CPU = Release|Any CPU
	EndGlobalSection
	GlobalSection(ProjectConfigurationPlatforms) = postSolution
		{51CC122E-18BB-4284-9D07-61742A0C4D3C}.Debug|Any CPU.ActiveCfg = Debug|Any CPU
		{51CC122E-18BB-4284-9D07-61742A0C4D3C}.Debug|Any CPU.Build.0 = Debug|Any CPU
		{51CC122E-18BB-4284-9D07-61742A0C4D3C}.Release|Any CPU.ActiveCfg = Release|Any CPU
		{51CC122E-18BB-4284-9D07-61742A0C4D3C}.Release|Any CPU.Build.0 = Release|Any CPU
	EndGlobalSection
	GlobalSection(SolutionProperties) = preSolution
		HideSolutionNode = FALSE
	EndGlobalSection
	GlobalSection(ExtensibilityGlobals) = postSolution
		SolutionGuid = {BD12C832-DD65-4427-9C9F-0015C2F3CA69}
	EndGlobalSection
EndGlobal
